
Microsoft Visual Studio Solution File, Format Version 12.00
# Visual Studio 15
VisualStudioVersion = 15.0.27703.2000
MinimumVisualStudioVersion = 10.0.40219.1
Project("{8BC9CEB8-8B4A-11D0-8D11-00A0C91BC942}") = "Apteka", "Apteka\Apteka.vcxproj", "{ECDEEE3D-C546-4FEA-AA65-6577B46D18BA}"
EndProject
Project("{8BC9CEB8-8B4A-11D0-8D11-00A0C91BC942}") = "DaysBetweenYears", "DaysBetweenYears\DaysBetweenYears.vcxproj", "{F48AAA99-3944-43C1-8EA8-3D4A44144807}"
EndProject
Project("{8BC9CEB8-8B4A-11D0-8D11-00A0C91BC942}") = "FILE", "FILE\FILE.vcxproj", "{102D32F5-931E-4D5C-B76C-88AA958D6A10}"
EndProject
Project("{8BC9CEB8-8B4A-11D0-8D11-00A0C91BC942}") = "File2", "File2\File2.vcxproj", "{CA627848-A809-453B-9F23-1363BF6DA20C}"
EndProject
Project("{8BC9CEB8-8B4A-11D0-8D11-00A0C91BC942}") = "List", "List\List.vcxproj", "{0704D381-1BC0-445E-84F7-2B2FB37B4F7B}"
EndProject
Project("{8BC9CEB8-8B4A-11D0-8D11-00A0C91BC942}") = "MatLogic0", "MatLogic0\MatLogic0.vcxproj", "{A6D5E13F-0EB4-4D7B-83B0-B44A5702CDBD}"
EndProject
Project("{8BC9CEB8-8B4A-11D0-8D11-00A0C91BC942}") = "MatLogic1", "MatLogic1\MatLogic1.vcxproj", "{8750C3AA-3403-49AE-8431-57127CEC29ED}"
EndProject
Project("{8BC9CEB8-8B4A-11D0-8D11-00A0C91BC942}") = "Matrix", "Matrix\Matrix.vcxproj", "{1D3DB915-73F3-40A5-815E-85B7E4045118}"
EndProject
Project("{8BC9CEB8-8B4A-11D0-8D11-00A0C91BC942}") = "Matrix1", "Matrix1\Matrix1.vcxproj", "{B08FB4E4-5901-4103-86B2-8E28E30DB6D4}"
EndProject
Project("{8BC9CEB8-8B4A-11D0-8D11-00A0C91BC942}") = "Medicine", "Medicine\Medicine.vcxproj", "{62FAF08D-F8D6-4E43-A993-39E8C34A5E83}"
EndProject
Project("{8BC9CEB8-8B4A-11D0-8D11-00A0C91BC942}") = "SetKol", "SetKol\SetKol.vcxproj", "{5CFC8F0C-E8F0-4415-B0EE-D64DDEF90822}"
EndProject
Project("{8BC9CEB8-8B4A-11D0-8D11-00A0C91BC942}") = "SetParin'", "SetParin'\SetParin'.vcxproj", "{C2DE13BF-3CB6-4F3B-98D6-ABC6449D37F5}"
EndProject
Project("{8BC9CEB8-8B4A-11D0-8D11-00A0C91BC942}") = "String", "String\String.vcxproj", "{6525A3B8-D471-4BB8-A347-3C284CB5995B}"
EndProject
Project("{8BC9CEB8-8B4A-11D0-8D11-00A0C91BC942}") = "Subprogram", "Subprogram\Subprogram.vcxproj", "{1B82026C-5C43-48D0-895C-6446367C2A85}"
EndProject
Project("{8BC9CEB8-8B4A-11D0-8D11-00A0C91BC942}") = "Tabulation", "Tabulation\Tabulation.vcxproj", "{7D51C090-42DB-4E34-9AF6-653C3CA81AF3}"
EndProject
Project("{8BC9CEB8-8B4A-11D0-8D11-00A0C91BC942}") = "TemplateForList", "TemplateForList\TemplateForList.vcxproj", "{6B60F726-D530-4088-B693-7821B8391D82}"
EndProject
Project("{8BC9CEB8-8B4A-11D0-8D11-00A0C91BC942}") = "TempleteForMatrix", "TempleteForMatrix\TempleteForMatrix.vcxproj", "{BAD40D5D-5569-411A-8059-2E1B6E21DA85}"
EndProject
Project("{8BC9CEB8-8B4A-11D0-8D11-00A0C91BC942}") = "TON", "TON\TON.vcxproj", "{4B7FE0AA-1AB0-426C-BA14-B9FE56A708AE}"
EndProject
Project("{8BC9CEB8-8B4A-11D0-8D11-00A0C91BC942}") = "TabTabulation", "TabTabulation\TabTabulation.vcxproj", "{BF0C5D63-D0B9-4DBE-919E-A2FBC5D4C00F}"
EndProject
Global
	GlobalSection(SolutionConfigurationPlatforms) = preSolution
		Debug|Any CPU = Debug|Any CPU
		Debug|x64 = Debug|x64
		Debug|x86 = Debug|x86
		Release|Any CPU = Release|Any CPU
		Release|x64 = Release|x64
		Release|x86 = Release|x86
	EndGlobalSection
	GlobalSection(ProjectConfigurationPlatforms) = postSolution
		{ECDEEE3D-C546-4FEA-AA65-6577B46D18BA}.Debug|Any CPU.ActiveCfg = Debug|Win32
		{ECDEEE3D-C546-4FEA-AA65-6577B46D18BA}.Debug|x64.ActiveCfg = Debug|x64
		{ECDEEE3D-C546-4FEA-AA65-6577B46D18BA}.Debug|x64.Build.0 = Debug|x64
		{ECDEEE3D-C546-4FEA-AA65-6577B46D18BA}.Debug|x86.ActiveCfg = Debug|Win32
		{ECDEEE3D-C546-4FEA-AA65-6577B46D18BA}.Debug|x86.Build.0 = Debug|Win32
		{ECDEEE3D-C546-4FEA-AA65-6577B46D18BA}.Release|Any CPU.ActiveCfg = Release|Win32
		{ECDEEE3D-C546-4FEA-AA65-6577B46D18BA}.Release|x64.ActiveCfg = Release|x64
		{ECDEEE3D-C546-4FEA-AA65-6577B46D18BA}.Release|x64.Build.0 = Release|x64
		{ECDEEE3D-C546-4FEA-AA65-6577B46D18BA}.Release|x86.ActiveCfg = Release|Win32
		{ECDEEE3D-C546-4FEA-AA65-6577B46D18BA}.Release|x86.Build.0 = Release|Win32
		{F48AAA99-3944-43C1-8EA8-3D4A44144807}.Debug|Any CPU.ActiveCfg = Debug|Win32
		{F48AAA99-3944-43C1-8EA8-3D4A44144807}.Debug|x64.ActiveCfg = Debug|x64
		{F48AAA99-3944-43C1-8EA8-3D4A44144807}.Debug|x64.Build.0 = Debug|x64
		{F48AAA99-3944-43C1-8EA8-3D4A44144807}.Debug|x86.ActiveCfg = Debug|Win32
		{F48AAA99-3944-43C1-8EA8-3D4A44144807}.Debug|x86.Build.0 = Debug|Win32
		{F48AAA99-3944-43C1-8EA8-3D4A44144807}.Release|Any CPU.ActiveCfg = Release|Win32
		{F48AAA99-3944-43C1-8EA8-3D4A44144807}.Release|x64.ActiveCfg = Release|x64
		{F48AAA99-3944-43C1-8EA8-3D4A44144807}.Release|x64.Build.0 = Release|x64
		{F48AAA99-3944-43C1-8EA8-3D4A44144807}.Release|x86.ActiveCfg = Release|Win32
		{F48AAA99-3944-43C1-8EA8-3D4A44144807}.Release|x86.Build.0 = Release|Win32
		{102D32F5-931E-4D5C-B76C-88AA958D6A10}.Debug|Any CPU.ActiveCfg = Debug|Win32
		{102D32F5-931E-4D5C-B76C-88AA958D6A10}.Debug|x64.ActiveCfg = Debug|x64
		{102D32F5-931E-4D5C-B76C-88AA958D6A10}.Debug|x64.Build.0 = Debug|x64
		{102D32F5-931E-4D5C-B76C-88AA958D6A10}.Debug|x86.ActiveCfg = Debug|Win32
		{102D32F5-931E-4D5C-B76C-88AA958D6A10}.Debug|x86.Build.0 = Debug|Win32
		{102D32F5-931E-4D5C-B76C-88AA958D6A10}.Release|Any CPU.ActiveCfg = Release|Win32
		{102D32F5-931E-4D5C-B76C-88AA958D6A10}.Release|x64.ActiveCfg = Release|x64
		{102D32F5-931E-4D5C-B76C-88AA958D6A10}.Release|x64.Build.0 = Release|x64
		{102D32F5-931E-4D5C-B76C-88AA958D6A10}.Release|x86.ActiveCfg = Release|Win32
		{102D32F5-931E-4D5C-B76C-88AA958D6A10}.Release|x86.Build.0 = Release|Win32
		{CA627848-A809-453B-9F23-1363BF6DA20C}.Debug|Any CPU.ActiveCfg = Debug|Win32
		{CA627848-A809-453B-9F23-1363BF6DA20C}.Debug|x64.ActiveCfg = Debug|x64
		{CA627848-A809-453B-9F23-1363BF6DA20C}.Debug|x64.Build.0 = Debug|x64
		{CA627848-A809-453B-9F23-1363BF6DA20C}.Debug|x86.ActiveCfg = Debug|Win32
		{CA627848-A809-453B-9F23-1363BF6DA20C}.Debug|x86.Build.0 = Debug|Win32
		{CA627848-A809-453B-9F23-1363BF6DA20C}.Release|Any CPU.ActiveCfg = Release|Win32
		{CA627848-A809-453B-9F23-1363BF6DA20C}.Release|x64.ActiveCfg = Release|x64
		{CA627848-A809-453B-9F23-1363BF6DA20C}.Release|x64.Build.0 = Release|x64
		{CA627848-A809-453B-9F23-1363BF6DA20C}.Release|x86.ActiveCfg = Release|Win32
		{CA627848-A809-453B-9F23-1363BF6DA20C}.Release|x86.Build.0 = Release|Win32
		{0704D381-1BC0-445E-84F7-2B2FB37B4F7B}.Debug|Any CPU.ActiveCfg = Debug|Win32
		{0704D381-1BC0-445E-84F7-2B2FB37B4F7B}.Debug|x64.ActiveCfg = Debug|x64
		{0704D381-1BC0-445E-84F7-2B2FB37B4F7B}.Debug|x64.Build.0 = Debug|x64
		{0704D381-1BC0-445E-84F7-2B2FB37B4F7B}.Debug|x86.ActiveCfg = Debug|Win32
		{0704D381-1BC0-445E-84F7-2B2FB37B4F7B}.Debug|x86.Build.0 = Debug|Win32
		{0704D381-1BC0-445E-84F7-2B2FB37B4F7B}.Release|Any CPU.ActiveCfg = Release|Win32
		{0704D381-1BC0-445E-84F7-2B2FB37B4F7B}.Release|x64.ActiveCfg = Release|x64
		{0704D381-1BC0-445E-84F7-2B2FB37B4F7B}.Release|x64.Build.0 = Release|x64
		{0704D381-1BC0-445E-84F7-2B2FB37B4F7B}.Release|x86.ActiveCfg = Release|Win32
		{0704D381-1BC0-445E-84F7-2B2FB37B4F7B}.Release|x86.Build.0 = Release|Win32
		{A6D5E13F-0EB4-4D7B-83B0-B44A5702CDBD}.Debug|Any CPU.ActiveCfg = Debug|Win32
		{A6D5E13F-0EB4-4D7B-83B0-B44A5702CDBD}.Debug|x64.ActiveCfg = Debug|x64
		{A6D5E13F-0EB4-4D7B-83B0-B44A5702CDBD}.Debug|x64.Build.0 = Debug|x64
		{A6D5E13F-0EB4-4D7B-83B0-B44A5702CDBD}.Debug|x86.ActiveCfg = Debug|Win32
		{A6D5E13F-0EB4-4D7B-83B0-B44A5702CDBD}.Debug|x86.Build.0 = Debug|Win32
		{A6D5E13F-0EB4-4D7B-83B0-B44A5702CDBD}.Release|Any CPU.ActiveCfg = Release|Win32
		{A6D5E13F-0EB4-4D7B-83B0-B44A5702CDBD}.Release|x64.ActiveCfg = Release|x64
		{A6D5E13F-0EB4-4D7B-83B0-B44A5702CDBD}.Release|x64.Build.0 = Release|x64
		{A6D5E13F-0EB4-4D7B-83B0-B44A5702CDBD}.Release|x86.ActiveCfg = Release|Win32
		{A6D5E13F-0EB4-4D7B-83B0-B44A5702CDBD}.Release|x86.Build.0 = Release|Win32
		{8750C3AA-3403-49AE-8431-57127CEC29ED}.Debug|Any CPU.ActiveCfg = Debug|Win32
		{8750C3AA-3403-49AE-8431-57127CEC29ED}.Debug|x64.ActiveCfg = Debug|x64
		{8750C3AA-3403-49AE-8431-57127CEC29ED}.Debug|x64.Build.0 = Debug|x64
		{8750C3AA-3403-49AE-8431-57127CEC29ED}.Debug|x86.ActiveCfg = Debug|Win32
		{8750C3AA-3403-49AE-8431-57127CEC29ED}.Debug|x86.Build.0 = Debug|Win32
		{8750C3AA-3403-49AE-8431-57127CEC29ED}.Release|Any CPU.ActiveCfg = Release|Win32
		{8750C3AA-3403-49AE-8431-57127CEC29ED}.Release|x64.ActiveCfg = Release|x64
		{8750C3AA-3403-49AE-8431-57127CEC29ED}.Release|x64.Build.0 = Release|x64
		{8750C3AA-3403-49AE-8431-57127CEC29ED}.Release|x86.ActiveCfg = Release|Win32
		{8750C3AA-3403-49AE-8431-57127CEC29ED}.Release|x86.Build.0 = Release|Win32
		{1D3DB915-73F3-40A5-815E-85B7E4045118}.Debug|Any CPU.ActiveCfg = Debug|Win32
		{1D3DB915-73F3-40A5-815E-85B7E4045118}.Debug|x64.ActiveCfg = Debug|x64
		{1D3DB915-73F3-40A5-815E-85B7E4045118}.Debug|x64.Build.0 = Debug|x64
		{1D3DB915-73F3-40A5-815E-85B7E4045118}.Debug|x86.ActiveCfg = Debug|Win32
		{1D3DB915-73F3-40A5-815E-85B7E4045118}.Debug|x86.Build.0 = Debug|Win32
		{1D3DB915-73F3-40A5-815E-85B7E4045118}.Release|Any CPU.ActiveCfg = Release|Win32
		{1D3DB915-73F3-40A5-815E-85B7E4045118}.Release|x64.ActiveCfg = Release|x64
		{1D3DB915-73F3-40A5-815E-85B7E4045118}.Release|x64.Build.0 = Release|x64
		{1D3DB915-73F3-40A5-815E-85B7E4045118}.Release|x86.ActiveCfg = Release|Win32
		{1D3DB915-73F3-40A5-815E-85B7E4045118}.Release|x86.Build.0 = Release|Win32
		{B08FB4E4-5901-4103-86B2-8E28E30DB6D4}.Debug|Any CPU.ActiveCfg = Debug|Win32
		{B08FB4E4-5901-4103-86B2-8E28E30DB6D4}.Debug|x64.ActiveCfg = Debug|x64
		{B08FB4E4-5901-4103-86B2-8E28E30DB6D4}.Debug|x64.Build.0 = Debug|x64
		{B08FB4E4-5901-4103-86B2-8E28E30DB6D4}.Debug|x86.ActiveCfg = Debug|Win32
		{B08FB4E4-5901-4103-86B2-8E28E30DB6D4}.Debug|x86.Build.0 = Debug|Win32
		{B08FB4E4-5901-4103-86B2-8E28E30DB6D4}.Release|Any CPU.ActiveCfg = Release|Win32
		{B08FB4E4-5901-4103-86B2-8E28E30DB6D4}.Release|x64.ActiveCfg = Release|x64
		{B08FB4E4-5901-4103-86B2-8E28E30DB6D4}.Release|x64.Build.0 = Release|x64
		{B08FB4E4-5901-4103-86B2-8E28E30DB6D4}.Release|x86.ActiveCfg = Release|Win32
		{B08FB4E4-5901-4103-86B2-8E28E30DB6D4}.Release|x86.Build.0 = Release|Win32
		{62FAF08D-F8D6-4E43-A993-39E8C34A5E83}.Debug|Any CPU.ActiveCfg = Debug|Win32
		{62FAF08D-F8D6-4E43-A993-39E8C34A5E83}.Debug|x64.ActiveCfg = Debug|x64
		{62FAF08D-F8D6-4E43-A993-39E8C34A5E83}.Debug|x64.Build.0 = Debug|x64
		{62FAF08D-F8D6-4E43-A993-39E8C34A5E83}.Debug|x86.ActiveCfg = Debug|Win32
		{62FAF08D-F8D6-4E43-A993-39E8C34A5E83}.Debug|x86.Build.0 = Debug|Win32
		{62FAF08D-F8D6-4E43-A993-39E8C34A5E83}.Release|Any CPU.ActiveCfg = Release|Win32
		{62FAF08D-F8D6-4E43-A993-39E8C34A5E83}.Release|x64.ActiveCfg = Release|x64
		{62FAF08D-F8D6-4E43-A993-39E8C34A5E83}.Release|x64.Build.0 = Release|x64
		{62FAF08D-F8D6-4E43-A993-39E8C34A5E83}.Release|x86.ActiveCfg = Release|Win32
		{62FAF08D-F8D6-4E43-A993-39E8C34A5E83}.Release|x86.Build.0 = Release|Win32
		{5CFC8F0C-E8F0-4415-B0EE-D64DDEF90822}.Debug|Any CPU.ActiveCfg = Debug|Win32
		{5CFC8F0C-E8F0-4415-B0EE-D64DDEF90822}.Debug|x64.ActiveCfg = Debug|x64
		{5CFC8F0C-E8F0-4415-B0EE-D64DDEF90822}.Debug|x64.Build.0 = Debug|x64
		{5CFC8F0C-E8F0-4415-B0EE-D64DDEF90822}.Debug|x86.ActiveCfg = Debug|Win32
		{5CFC8F0C-E8F0-4415-B0EE-D64DDEF90822}.Debug|x86.Build.0 = Debug|Win32
		{5CFC8F0C-E8F0-4415-B0EE-D64DDEF90822}.Release|Any CPU.ActiveCfg = Release|Win32
		{5CFC8F0C-E8F0-4415-B0EE-D64DDEF90822}.Release|x64.ActiveCfg = Release|x64
		{5CFC8F0C-E8F0-4415-B0EE-D64DDEF90822}.Release|x64.Build.0 = Release|x64
		{5CFC8F0C-E8F0-4415-B0EE-D64DDEF90822}.Release|x86.ActiveCfg = Release|Win32
		{5CFC8F0C-E8F0-4415-B0EE-D64DDEF90822}.Release|x86.Build.0 = Release|Win32
		{C2DE13BF-3CB6-4F3B-98D6-ABC6449D37F5}.Debug|Any CPU.ActiveCfg = Debug|Win32
		{C2DE13BF-3CB6-4F3B-98D6-ABC6449D37F5}.Debug|x64.ActiveCfg = Debug|x64
		{C2DE13BF-3CB6-4F3B-98D6-ABC6449D37F5}.Debug|x64.Build.0 = Debug|x64
		{C2DE13BF-3CB6-4F3B-98D6-ABC6449D37F5}.Debug|x86.ActiveCfg = Debug|Win32
		{C2DE13BF-3CB6-4F3B-98D6-ABC6449D37F5}.Debug|x86.Build.0 = Debug|Win32
		{C2DE13BF-3CB6-4F3B-98D6-ABC6449D37F5}.Release|Any CPU.ActiveCfg = Release|Win32
		{C2DE13BF-3CB6-4F3B-98D6-ABC6449D37F5}.Release|x64.ActiveCfg = Release|x64
		{C2DE13BF-3CB6-4F3B-98D6-ABC6449D37F5}.Release|x64.Build.0 = Release|x64
		{C2DE13BF-3CB6-4F3B-98D6-ABC6449D37F5}.Release|x86.ActiveCfg = Release|Win32
		{C2DE13BF-3CB6-4F3B-98D6-ABC6449D37F5}.Release|x86.Build.0 = Release|Win32
		{6525A3B8-D471-4BB8-A347-3C284CB5995B}.Debug|Any CPU.ActiveCfg = Debug|Win32
		{6525A3B8-D471-4BB8-A347-3C284CB5995B}.Debug|x64.ActiveCfg = Debug|x64
		{6525A3B8-D471-4BB8-A347-3C284CB5995B}.Debug|x64.Build.0 = Debug|x64
		{6525A3B8-D471-4BB8-A347-3C284CB5995B}.Debug|x86.ActiveCfg = Debug|Win32
		{6525A3B8-D471-4BB8-A347-3C284CB5995B}.Debug|x86.Build.0 = Debug|Win32
		{6525A3B8-D471-4BB8-A347-3C284CB5995B}.Release|Any CPU.ActiveCfg = Release|Win32
		{6525A3B8-D471-4BB8-A347-3C284CB5995B}.Release|x64.ActiveCfg = Release|x64
		{6525A3B8-D471-4BB8-A347-3C284CB5995B}.Release|x64.Build.0 = Release|x64
		{6525A3B8-D471-4BB8-A347-3C284CB5995B}.Release|x86.ActiveCfg = Release|Win32
		{6525A3B8-D471-4BB8-A347-3C284CB5995B}.Release|x86.Build.0 = Release|Win32
		{1B82026C-5C43-48D0-895C-6446367C2A85}.Debug|Any CPU.ActiveCfg = Debug|Win32
		{1B82026C-5C43-48D0-895C-6446367C2A85}.Debug|x64.ActiveCfg = Debug|x64
		{1B82026C-5C43-48D0-895C-6446367C2A85}.Debug|x64.Build.0 = Debug|x64
		{1B82026C-5C43-48D0-895C-6446367C2A85}.Debug|x86.ActiveCfg = Debug|Win32
		{1B82026C-5C43-48D0-895C-6446367C2A85}.Debug|x86.Build.0 = Debug|Win32
		{1B82026C-5C43-48D0-895C-6446367C2A85}.Release|Any CPU.ActiveCfg = Release|Win32
		{1B82026C-5C43-48D0-895C-6446367C2A85}.Release|x64.ActiveCfg = Release|x64
		{1B82026C-5C43-48D0-895C-6446367C2A85}.Release|x64.Build.0 = Release|x64
		{1B82026C-5C43-48D0-895C-6446367C2A85}.Release|x86.ActiveCfg = Release|Win32
		{1B82026C-5C43-48D0-895C-6446367C2A85}.Release|x86.Build.0 = Release|Win32
		{7D51C090-42DB-4E34-9AF6-653C3CA81AF3}.Debug|Any CPU.ActiveCfg = Debug|Win32
		{7D51C090-42DB-4E34-9AF6-653C3CA81AF3}.Debug|x64.ActiveCfg = Debug|x64
		{7D51C090-42DB-4E34-9AF6-653C3CA81AF3}.Debug|x64.Build.0 = Debug|x64
		{7D51C090-42DB-4E34-9AF6-653C3CA81AF3}.Debug|x86.ActiveCfg = Debug|Win32
		{7D51C090-42DB-4E34-9AF6-653C3CA81AF3}.Debug|x86.Build.0 = Debug|Win32
		{7D51C090-42DB-4E34-9AF6-653C3CA81AF3}.Release|Any CPU.ActiveCfg = Release|Win32
		{7D51C090-42DB-4E34-9AF6-653C3CA81AF3}.Release|x64.ActiveCfg = Release|x64
		{7D51C090-42DB-4E34-9AF6-653C3CA81AF3}.Release|x64.Build.0 = Release|x64
		{7D51C090-42DB-4E34-9AF6-653C3CA81AF3}.Release|x86.ActiveCfg = Release|Win32
		{7D51C090-42DB-4E34-9AF6-653C3CA81AF3}.Release|x86.Build.0 = Release|Win32
		{6B60F726-D530-4088-B693-7821B8391D82}.Debug|Any CPU.ActiveCfg = Debug|Win32
		{6B60F726-D530-4088-B693-7821B8391D82}.Debug|x64.ActiveCfg = Debug|x64
		{6B60F726-D530-4088-B693-7821B8391D82}.Debug|x64.Build.0 = Debug|x64
		{6B60F726-D530-4088-B693-7821B8391D82}.Debug|x86.ActiveCfg = Debug|Win32
		{6B60F726-D530-4088-B693-7821B8391D82}.Debug|x86.Build.0 = Debug|Win32
		{6B60F726-D530-4088-B693-7821B8391D82}.Release|Any CPU.ActiveCfg = Release|Win32
		{6B60F726-D530-4088-B693-7821B8391D82}.Release|x64.ActiveCfg = Release|x64
		{6B60F726-D530-4088-B693-7821B8391D82}.Release|x64.Build.0 = Release|x64
		{6B60F726-D530-4088-B693-7821B8391D82}.Release|x86.ActiveCfg = Release|Win32
		{6B60F726-D530-4088-B693-7821B8391D82}.Release|x86.Build.0 = Release|Win32
		{BAD40D5D-5569-411A-8059-2E1B6E21DA85}.Debug|Any CPU.ActiveCfg = Debug|Win32
		{BAD40D5D-5569-411A-8059-2E1B6E21DA85}.Debug|x64.ActiveCfg = Debug|x64
		{BAD40D5D-5569-411A-8059-2E1B6E21DA85}.Debug|x64.Build.0 = Debug|x64
		{BAD40D5D-5569-411A-8059-2E1B6E21DA85}.Debug|x86.ActiveCfg = Debug|Win32
		{BAD40D5D-5569-411A-8059-2E1B6E21DA85}.Debug|x86.Build.0 = Debug|Win32
		{BAD40D5D-5569-411A-8059-2E1B6E21DA85}.Release|Any CPU.ActiveCfg = Release|Win32
		{BAD40D5D-5569-411A-8059-2E1B6E21DA85}.Release|x64.ActiveCfg = Release|x64
		{BAD40D5D-5569-411A-8059-2E1B6E21DA85}.Release|x64.Build.0 = Release|x64
		{BAD40D5D-5569-411A-8059-2E1B6E21DA85}.Release|x86.ActiveCfg = Release|Win32
		{BAD40D5D-5569-411A-8059-2E1B6E21DA85}.Release|x86.Build.0 = Release|Win32
		{4B7FE0AA-1AB0-426C-BA14-B9FE56A708AE}.Debug|Any CPU.ActiveCfg = Debug|Win32
		{4B7FE0AA-1AB0-426C-BA14-B9FE56A708AE}.Debug|x64.ActiveCfg = Debug|x64
		{4B7FE0AA-1AB0-426C-BA14-B9FE56A708AE}.Debug|x64.Build.0 = Debug|x64
		{4B7FE0AA-1AB0-426C-BA14-B9FE56A708AE}.Debug|x86.ActiveCfg = Debug|Win32
		{4B7FE0AA-1AB0-426C-BA14-B9FE56A708AE}.Debug|x86.Build.0 = Debug|Win32
		{4B7FE0AA-1AB0-426C-BA14-B9FE56A708AE}.Release|Any CPU.ActiveCfg = Release|Win32
		{4B7FE0AA-1AB0-426C-BA14-B9FE56A708AE}.Release|x64.ActiveCfg = Release|x64
		{4B7FE0AA-1AB0-426C-BA14-B9FE56A708AE}.Release|x64.Build.0 = Release|x64
		{4B7FE0AA-1AB0-426C-BA14-B9FE56A708AE}.Release|x86.ActiveCfg = Release|Win32
		{4B7FE0AA-1AB0-426C-BA14-B9FE56A708AE}.Release|x86.Build.0 = Release|Win32
		{BF0C5D63-D0B9-4DBE-919E-A2FBC5D4C00F}.Debug|Any CPU.ActiveCfg = Debug|Win32
		{BF0C5D63-D0B9-4DBE-919E-A2FBC5D4C00F}.Debug|x64.ActiveCfg = Debug|x64
		{BF0C5D63-D0B9-4DBE-919E-A2FBC5D4C00F}.Debug|x64.Build.0 = Debug|x64
		{BF0C5D63-D0B9-4DBE-919E-A2FBC5D4C00F}.Debug|x86.ActiveCfg = Debug|Win32
		{BF0C5D63-D0B9-4DBE-919E-A2FBC5D4C00F}.Debug|x86.Build.0 = Debug|Win32
		{BF0C5D63-D0B9-4DBE-919E-A2FBC5D4C00F}.Release|Any CPU.ActiveCfg = Release|Win32
		{BF0C5D63-D0B9-4DBE-919E-A2FBC5D4C00F}.Release|x64.ActiveCfg = Release|x64
		{BF0C5D63-D0B9-4DBE-919E-A2FBC5D4C00F}.Release|x64.Build.0 = Release|x64
		{BF0C5D63-D0B9-4DBE-919E-A2FBC5D4C00F}.Release|x86.ActiveCfg = Release|Win32
		{BF0C5D63-D0B9-4DBE-919E-A2FBC5D4C00F}.Release|x86.Build.0 = Release|Win32
	EndGlobalSection
	GlobalSection(SolutionProperties) = preSolution
		HideSolutionNode = FALSE
	EndGlobalSection
	GlobalSection(ExtensibilityGlobals) = postSolution
		SolutionGuid = {3F46C0D6-7AEC-4380-B014-0665067232D4}
	EndGlobalSection
EndGlobal
